// !$*UTF8*$!
{
	archiveVersion = 1;
	classes = {
	};
	objectVersion = 46;
	objects = {

/* Begin PBXBuildFile section */
		116E25971C7D52580010E7E8 /* AppDelegate.swift in Sources */ = {isa = PBXBuildFile; fileRef = 116E25961C7D52580010E7E8 /* AppDelegate.swift */; };
		116E25991C7D52580010E7E8 /* ViewController.swift in Sources */ = {isa = PBXBuildFile; fileRef = 116E25981C7D52580010E7E8 /* ViewController.swift */; };
		116E259C1C7D52580010E7E8 /* Main.storyboard in Resources */ = {isa = PBXBuildFile; fileRef = 116E259A1C7D52580010E7E8 /* Main.storyboard */; };
		116E259E1C7D52580010E7E8 /* Assets.xcassets in Resources */ = {isa = PBXBuildFile; fileRef = 116E259D1C7D52580010E7E8 /* Assets.xcassets */; };
		116E25A11C7D52580010E7E8 /* LaunchScreen.storyboard in Resources */ = {isa = PBXBuildFile; fileRef = 116E259F1C7D52580010E7E8 /* LaunchScreen.storyboard */; };
/* End PBXBuildFile section */

/* Begin PBXFileReference section */
		116E25931C7D52580010E7E8 /* HellWorld.app */ = {isa = PBXFileReference; explicitFileType = wrapper.application; includeInIndex = 0; path = HellWorld.app; sourceTree = BUILT_PRODUCTS_DIR; };
		116E25961C7D52580010E7E8 /* AppDelegate.swift */ = {isa = PBXFileReference; lastKnownFileType = sourcecode.swift; path = AppDelegate.swift; sourceTree = "<group>"; };
		116E25981C7D52580010E7E8 /* ViewController.swift */ = {isa = PBXFileReference; lastKnownFileType = sourcecode.swift; path = ViewController.swift; sourceTree = "<group>"; };
		116E259B1C7D52580010E7E8 /* Base */ = {isa = PBXFileReference; lastKnownFileType = file.storyboard; name = Base; path = Base.lproj/Main.storyboard; sourceTree = "<group>"; };
		116E259D1C7D52580010E7E8 /* Assets.xcassets */ = {isa = PBXFileReference; lastKnownFileType = folder.assetcatalog; path = Assets.xcassets; sourceTree = "<group>"; };
		116E25A01C7D52580010E7E8 /* Base */ = {isa = PBXFileReference; lastKnownFileType = file.storyboard; name = Base; path = Base.lproj/LaunchScreen.storyboard; sourceTree = "<group>"; };
		116E25A21C7D52580010E7E8 /* Info.plist */ = {isa = PBXFileReference; lastKnownFileType = text.plist.xml; path = Info.plist; sourceTree = "<group>"; };
/* End PBXFileReference section */

/* Begin PBXFrameworksBuildPhase section */
		116E25901C7D52580010E7E8 /* Frameworks */ = {
			isa = PBXFrameworksBuildPhase;
			buildActionMask = 2147483647;
			files = (
			);
			runOnlyForDeploymentPostprocessing = 0;
		};
/* End PBXFrameworksBuildPhase section */

/* Begin PBXGroup section */
		116E258A1C7D52580010E7E8 = {
			isa = PBXGroup;
			children = (
				116E25951C7D52580010E7E8 /* HellWorld */,
				116E25941C7D52580010E7E8 /* Products */,
			);
			sourceTree = "<group>";
		};
		116E25941C7D52580010E7E8 /* Products */ = {
			isa = PBXGroup;
			children = (
				116E25931C7D52580010E7E8 /* HellWorld.app */,
			);
			name = Products;
			sourceTree = "<group>";
		};
		116E25951C7D52580010E7E8 /* HellWorld */ = {
			isa = PBXGroup;
			children = (
				116E25961C7D52580010E7E8 /* AppDelegate.swift */,
				116E25981C7D52580010E7E8 /* ViewController.swift */,
				116E259A1C7D52580010E7E8 /* Main.storyboard */,
				116E259D1C7D52580010E7E8 /* Assets.xcassets */,
				116E259F1C7D52580010E7E8 /* LaunchScreen.storyboard */,
				116E25A21C7D52580010E7E8 /* Info.plist */,
			);
			path = HellWorld;
			sourceTree = "<group>";
		};
/* End PBXGroup section */

/* Begin PBXNativeTarget section */
		116E25921C7D52580010E7E8 /* HellWorld */ = {
			isa = PBXNativeTarget;
			buildConfigurationList = 116E25A51C7D52580010E7E8 /* Build configuration list for PBXNativeTarget "HellWorld" */;
			buildPhases = (
				116E258F1C7D52580010E7E8 /* Sources */,
				116E25901C7D52580010E7E8 /* Frameworks */,
				116E25911C7D52580010E7E8 /* Resources */,
			);
			buildRules = (
			);
			dependencies = (
			);
			name = HellWorld;
			productName = HellWorld;
			productReference = 116E25931C7D52580010E7E8 /* HellWorld.app */;
			productType = "com.apple.product-type.application";
		};
/* End PBXNativeTarget section */

/* Begin PBXProject section */
		116E258B1C7D52580010E7E8 /* Project object */ = {
			isa = PBXProject;
			attributes = {
				LastSwiftUpdateCheck = 0720;
				LastUpgradeCheck = 0720;
				ORGANIZATIONNAME = MieJie;
				TargetAttributes = {
					116E25921C7D52580010E7E8 = {
						CreatedOnToolsVersion = 7.2;
					};
				};
			};
			buildConfigurationList = 116E258E1C7D52580010E7E8 /* Build configuration list for PBXProject "HellWorld" */;
			compatibilityVersion = "Xcode 3.2";
			developmentRegion = English;
			hasScannedForEncodings = 0;
			knownRegions = (
				en,
				Base,
			);
			mainGroup = 116E258A1C7D52580010E7E8;
			productRefGroup = 116E25941C7D52580010E7E8 /* Products */;
			projectDirPath = "";
			projectRoot = "";
			targets = (
				116E25921C7D52580010E7E8 /* HellWorld */,
			);
		};
/* End PBXProject section */

/* Begin PBXResourcesBuildPhase section */
		116E25911C7D52580010E7E8 /* Resources */ = {
			isa = PBXResourcesBuildPhase;
			buildActionMask = 2147483647;
			files = (
				116E25A11C7D52580010E7E8 /* LaunchScreen.storyboard in Resources */,
				116E259E1C7D52580010E7E8 /* Assets.xcassets in Resources */,
				116E259C1C7D52580010E7E8 /* Main.storyboard in Resources */,
			);
			runOnlyForDeploymentPostprocessing = 0;
		};
/* End PBXResourcesBuildPhase section */

/* Begin PBXSourcesBuildPhase section */
		116E258F1C7D52580010E7E8 /* Sources */ = {
			isa = PBXSourcesBuildPhase;
			buildActionMask = 2147483647;
			files = (
				116E25991C7D52580010E7E8 /* ViewController.swift in Sources */,
				116E25971C7D52580010E7E8 /* AppDelegate.swift in Sources */,
			);
			runOnlyForDeploymentPostprocessing = 0;
		};
/* End PBXSourcesBuildPhase section */

/* Begin PBXVariantGroup section */
		116E259A1C7D52580010E7E8 /* Main.storyboard */ = {
			isa = PBXVariantGroup;
			children = (
				116E259B1C7D52580010E7E8 /* Base */,
			);
			name = Main.storyboard;
			sourceTree = "<group>";
		};
		116E259F1C7D52580010E7E8 /* LaunchScreen.storyboard */ = {
			isa = PBXVariantGroup;
			children = (
				116E25A01C7D52580010E7E8 /* Base */,
			);
			name = LaunchScreen.storyboard;
			sourceTree = "<group>";
		};
/* End PBXVariantGroup section */

/* Begin XCBuildConfiguration section */
		116E25A31C7D52580010E7E8 /* Debug */ = {
			isa = XCBuildConfiguration;
			buildSettings = {
				ALWAYS_SEARCH_USER_PATHS = NO;
				CLANG_CXX_LANGUAGE_STANDARD = "gnu++0x";
				CLANG_CXX_LIBRARY = "libc++";
				CLANG_ENABLE_MODULES = YES;
				CLANG_ENABLE_OBJC_ARC = YES;
				CLANG_WARN_BOOL_CONVERSION = YES;
				CLANG_WARN_CONSTANT_CONVERSION = YES;
				CLANG_WARN_DIRECT_OBJC_ISA_USAGE = YES_ERROR;
				CLANG_WARN_EMPTY_BODY = YES;
				CLANG_WARN_ENUM_CONVERSION = YES;
				CLANG_WARN_INT_CONVERSION = YES;
				CLANG_WARN_OBJC_ROOT_CLASS = YES_ERROR;
				CLANG_WARN_UNREACHABLE_CODE = YES;
				CLANG_WARN__DUPLICATE_METHOD_MATCH = YES;
				"CODE_SIGN_IDENTITY[sdk=iphoneos*]" = "iPhone Developer";
				COPY_PHASE_STRIP = NO;
				DEBUG_INFORMATION_FORMAT = dwarf;
				ENABLE_STRICT_OBJC_MSGSEND = YES;
				ENABLE_TESTABILITY = YES;
				GCC_C_LANGUAGE_STANDARD = gnu99;
				GCC_DYNAMIC_NO_PIC = NO;
				GCC_NO_COMMON_BLOCKS = YES;
				GCC_OPTIMIZATION_LEVEL = 0;
				GCC_PREPROCESSOR_DEFINITIONS = (
					"DEBUG=1",
					"$(inherited)",
				);
				GCC_WARN_64_TO_32_BIT_CONVERSION = YES;
				GCC_WARN_ABOUT_RETURN_TYPE = YES_ERROR;
				GCC_WARN_UNDECLARED_SELECTOR = YES;
				GCC_WARN_UNINITIALIZED_AUTOS = YES_AGGRESSIVE;
				GCC_WARN_UNUSED_FUNCTION = YES;
				GCC_WARN_UNUSED_VARIABLE = YES;
				IPHONEOS_DEPLOYMENT_TARGET = 9.2;
				MTL_ENABLE_DEBUG_INFO = YES;
				ONLY_ACTIVE_ARCH = YES;
				SDKROOT = iphoneos;
				SWIFT_OPTIMIZATION_LEVEL = "-Onone";
			};
			name = Debug;
		};
		116E25A41C7D52580010E7E8 /* Release */ = {
			isa = XCBuildConfiguration;
			buildSettings = {
				ALWAYS_SEARCH_USER_PATHS = NO;
				CLANG_CXX_LANGUAGE_STANDARD = "gnu++0x";
				CLANG_CXX_LIBRARY = "libc++";
				CLANG_ENABLE_MODULES = YES;
				CLANG_ENABLE_OBJC_ARC = YES;
				CLANG_WARN_BOOL_CONVERSION = YES;
				CLANG_WARN_CONSTANT_CONVERSION = YES;
				CLANG_WARN_DIRECT_OBJC_ISA_USAGE = YES_ERROR;
				CLANG_WARN_EMPTY_BODY = YES;
				CLANG_WARN_ENUM_CONVERSION = YES;
				CLANG_WARN_INT_CONVERSION = YES;
				CLANG_WARN_OBJC_ROOT_CLASS = YES_ERROR;
				CLANG_WARN_UNREACHABLE_CODE = YES;
				CLANG_WARN__DUPLICATE_METHOD_MATCH = YES;
				"CODE_SIGN_IDENTITY[sdk=iphoneos*]" = "iPhone Developer";
				COPY_PHASE_STRIP = NO;
				DEBUG_INFORMATION_FORMAT = "dwarf-with-dsym";
				ENABLE_NS_ASSERTIONS = NO;
				ENABLE_STRICT_OBJC_MSGSEND = YES;
				GCC_C_LANGUAGE_STANDARD = gnu99;
				GCC_NO_COMMON_BLOCKS = YES;
				GCC_WARN_64_TO_32_BIT_CONVERSION = YES;
				GCC_WARN_ABOUT_RETURN_TYPE = YES_ERROR;
				GCC_WARN_UNDECLARED_SELECTOR = YES;
				GCC_WARN_UNINITIALIZED_AUTOS = YES_AGGRESSIVE;
				GCC_WARN_UNUSED_FUNCTION = YES;
				GCC_WARN_UNUSED_VARIABLE = YES;
				IPHONEOS_DEPLOYMENT_TARGET = 9.2;
				MTL_ENABLE_DEBUG_INFO = NO;
				SDKROOT = iphoneos;
				VALIDATE_PRODUCT = YES;
			};
			name = Release;
		};
		116E25A61C7D52580010E7E8 /* Debug */ = {
			isa = XCBuildConfiguration;
			buildSettings = {
				ASSETCATALOG_COMPILER_APPICON_NAME = AppIcon;
				INFOPLIST_FILE = HellWorld/Info.plist;
				LD_RUNPATH_SEARCH_PATHS = "$(inherited) @executable_path/Frameworks";
				PRODUCT_BUNDLE_IDENTIFIER = demo.HellWorld;
				PRODUCT_NAME = "$(TARGET_NAME)";
			};
			name = Debug;
		};
		116E25A71C7D52580010E7E8 /* Release */ = {
			isa = XCBuildConfiguration;
			buildSettings = {
				ASSETCATALOG_COMPILER_APPICON_NAME = AppIcon;
				INFOPLIST_FILE = HellWorld/Info.plist;
				LD_RUNPATH_SEARCH_PATHS = "$(inherited) @executable_path/Frameworks";
				PRODUCT_BUNDLE_IDENTIFIER = demo.HellWorld;
				PRODUCT_NAME = "$(TARGET_NAME)";
			};
			name = Release;
		};
/* End XCBuildConfiguration section */

/* Begin XCConfigurationList section */
		116E258E1C7D52580010E7E8 /* Build configuration list for PBXProject "HellWorld" */ = {
			isa = XCConfigurationList;
			buildConfigurations = (
				116E25A31C7D52580010E7E8 /* Debug */,
				116E25A41C7D52580010E7E8 /* Release */,
			);
			defaultConfigurationIsVisible = 0;
			defaultConfigurationName = Release;
		};
		116E25A51C7D52580010E7E8 /* Build configuration list for PBXNativeTarget "HellWorld" */ = {
			isa = XCConfigurationList;
			buildConfigurations = (
				116E25A61C7D52580010E7E8 /* Debug */,
				116E25A71C7D52580010E7E8 /* Release */,
			);
			defaultConfigurationIsVisible = 0;
		};
/* End XCConfigurationList section */
	};
	rootObject = 116E258B1C7D52580010E7E8 /* Project object */;
}
